# This file is automatically @generated by Cargo.
# It is not intended for manual editing.
version = 4

[[package]]
name = "binary-heap-plus"
version = "0.5.0"
source = "registry+https://github.com/rust-lang/crates.io-index"
checksum = "e4551d8382e911ecc0d0f0ffb602777988669be09447d536ff4388d1def11296"
dependencies = [
 "compare",
]

[[package]]
name = "cfg-if"
version = "1.0.1"
source = "registry+https://github.com/rust-lang/crates.io-index"
checksum = "9555578bc9e57714c812a1f84e4fc5b4d21fcb063490c624de019f7464c91268"

[[package]]
name = "compare"
version = "0.1.0"
source = "registry+https://github.com/rust-lang/crates.io-index"
checksum = "120133d4db2ec47efe2e26502ee984747630c67f51974fca0b6c1340cf2368d3"

[[package]]
name = "get-size"
version = "0.1.4"
source = "registry+https://github.com/rust-lang/crates.io-index"
checksum = "47b61e2dab7eedce93a83ab3468b919873ff16bac5a3e704011ff836d22b2120"

[[package]]
name = "get-size2"
version = "0.4.1"
source = "registry+https://github.com/rust-lang/crates.io-index"
checksum = "414adb79ae400f95c20f60c851e9ae53d9043ec6e8cc4afa85e20b74874249e5"

[[package]]
name = "memtally"
version = "0.1.0"
dependencies = [
 "binary-heap-plus",
 "cfg-if",
 "compare",
 "get-size",
 "get-size2",
 "memuse",
]

[[package]]
name = "memuse"
version = "0.2.2"
source = "registry+https://github.com/rust-lang/crates.io-index"
checksum = "3d97bbf43eb4f088f8ca469930cde17fa036207c9a5e02ccc5107c4e8b17c964"
